
Microsoft Visual Studio Solution File, Format Version 12.00
# Visual Studio Version 16
VisualStudioVersion = 16.0.31229.75
MinimumVisualStudioVersion = 10.0.40219.1
Project("{9A19103F-16F7-4668-BE54-9A1E7A4F7556}") = "LibrarySystem.Server", "LibrarySystem\Server\LibrarySystem.Server.csproj", "{B2DF1544-4EC3-4AAD-9B08-E31CDD071854}"
EndProject
Project("{9A19103F-16F7-4668-BE54-9A1E7A4F7556}") = "LibrarySystem.Client", "LibrarySystem\Client\LibrarySystem.Client.csproj", "{1D90B384-FA99-438D-B8CC-BA290D8A2249}"
EndProject
Project("{9A19103F-16F7-4668-BE54-9A1E7A4F7556}") = "LibrarySystem.Shared", "LibrarySystem\Shared\LibrarySystem.Shared.csproj", "{177567D3-C156-48B0-A661-BABDA2B940D0}"
EndProject
Global
	GlobalSection(SolutionConfigurationPlatforms) = preSolution
		Debug|Any CPU = Debug|Any CPU
		Release|Any CPU = Release|Any CPU
	EndGlobalSection
	GlobalSection(ProjectConfigurationPlatforms) = postSolution
		{B2DF1544-4EC3-4AAD-9B08-E31CDD071854}.Debug|Any CPU.ActiveCfg = Debug|Any CPU
		{B2DF1544-4EC3-4AAD-9B08-E31CDD071854}.Debug|Any CPU.Build.0 = Debug|Any CPU
		{B2DF1544-4EC3-4AAD-9B08-E31CDD071854}.Release|Any CPU.ActiveCfg = Release|Any CPU
		{B2DF1544-4EC3-4AAD-9B08-E31CDD071854}.Release|Any CPU.Build.0 = Release|Any CPU
		{1D90B384-FA99-438D-B8CC-BA290D8A2249}.Debug|Any CPU.ActiveCfg = Debug|Any CPU
		{1D90B384-FA99-438D-B8CC-BA290D8A2249}.Debug|Any CPU.Build.0 = Debug|Any CPU
		{1D90B384-FA99-438D-B8CC-BA290D8A2249}.Release|Any CPU.ActiveCfg = Release|Any CPU
		{1D90B384-FA99-438D-B8CC-BA290D8A2249}.Release|Any CPU.Build.0 = Release|Any CPU
		{177567D3-C156-48B0-A661-BABDA2B940D0}.Debug|Any CPU.ActiveCfg = Debug|Any CPU
		{177567D3-C156-48B0-A661-BABDA2B940D0}.Debug|Any CPU.Build.0 = Debug|Any CPU
		{177567D3-C156-48B0-A661-BABDA2B940D0}.Release|Any CPU.ActiveCfg = Release|Any CPU
		{177567D3-C156-48B0-A661-BABDA2B940D0}.Release|Any CPU.Build.0 = Release|Any CPU
	EndGlobalSection
	GlobalSection(SolutionProperties) = preSolution
		HideSolutionNode = FALSE
	EndGlobalSection
	GlobalSection(ExtensibilityGlobals) = postSolution
		SolutionGuid = {6966ACAE-4686-418A-AAD5-D13B8D6CBB74}
	EndGlobalSection
EndGlobal
